
Microsoft Visual Studio Solution File, Format Version 12.00
# Visual Studio Version 17
VisualStudioVersion = 17.7.34031.279
MinimumVisualStudioVersion = 10.0.40219.1
Project("{9A19103F-16F7-4668-BE54-9A1E7A4F7556}") = "ORACULO_PR", "ORACULO_PR\ORACULO_PR.csproj", "{F213408A-3553-48C9-8A7F-7F8CC233B346}"
EndProject
Global
	GlobalSection(SolutionConfigurationPlatforms) = preSolution
		Debug|Any CPU = Debug|Any CPU
		Debug|x64 = Debug|x64
		Debug|x86 = Debug|x86
		DefaultBuild|Any CPU = DefaultBuild|Any CPU
		DefaultBuild|x64 = DefaultBuild|x64
		DefaultBuild|x86 = DefaultBuild|x86
		Release|Any CPU = Release|Any CPU
		Release|x64 = Release|x64
		Release|x86 = Release|x86
	EndGlobalSection
	GlobalSection(ProjectConfigurationPlatforms) = postSolution
		{F213408A-3553-48C9-8A7F-7F8CC233B346}.Debug|Any CPU.ActiveCfg = Debug|Any CPU
		{F213408A-3553-48C9-8A7F-7F8CC233B346}.Debug|Any CPU.Build.0 = Debug|Any CPU
		{F213408A-3553-48C9-8A7F-7F8CC233B346}.Debug|x64.ActiveCfg = Debug|x64
		{F213408A-3553-48C9-8A7F-7F8CC233B346}.Debug|x64.Build.0 = Debug|x64
		{F213408A-3553-48C9-8A7F-7F8CC233B346}.Debug|x86.ActiveCfg = Debug|Any CPU
		{F213408A-3553-48C9-8A7F-7F8CC233B346}.Debug|x86.Build.0 = Debug|Any CPU
		{F213408A-3553-48C9-8A7F-7F8CC233B346}.DefaultBuild|Any CPU.ActiveCfg = Debug|Any CPU
		{F213408A-3553-48C9-8A7F-7F8CC233B346}.DefaultBuild|Any CPU.Build.0 = Debug|Any CPU
		{F213408A-3553-48C9-8A7F-7F8CC233B346}.DefaultBuild|x64.ActiveCfg = Debug|x64
		{F213408A-3553-48C9-8A7F-7F8CC233B346}.DefaultBuild|x64.Build.0 = Debug|x64
		{F213408A-3553-48C9-8A7F-7F8CC233B346}.DefaultBuild|x86.ActiveCfg = Debug|Any CPU
		{F213408A-3553-48C9-8A7F-7F8CC233B346}.DefaultBuild|x86.Build.0 = Debug|Any CPU
		{F213408A-3553-48C9-8A7F-7F8CC233B346}.Release|Any CPU.ActiveCfg = Release|Any CPU
		{F213408A-3553-48C9-8A7F-7F8CC233B346}.Release|Any CPU.Build.0 = Release|Any CPU
		{F213408A-3553-48C9-8A7F-7F8CC233B346}.Release|x64.ActiveCfg = Release|x64
		{F213408A-3553-48C9-8A7F-7F8CC233B346}.Release|x64.Build.0 = Release|x64
		{F213408A-3553-48C9-8A7F-7F8CC233B346}.Release|x86.ActiveCfg = Release|Any CPU
		{F213408A-3553-48C9-8A7F-7F8CC233B346}.Release|x86.Build.0 = Release|Any CPU
	EndGlobalSection
	GlobalSection(SolutionProperties) = preSolution
		HideSolutionNode = FALSE
	EndGlobalSection
	GlobalSection(ExtensibilityGlobals) = postSolution
		SolutionGuid = {DF6104E4-FF21-4638-BE9D-E87CEC4DFB66}
	EndGlobalSection
EndGlobal
